
Microsoft Visual Studio Solution File, Format Version 12.00
# Visual Studio Version 16
VisualStudioVersion = 16.0.29009.5
MinimumVisualStudioVersion = 10.0.40219.1
Project("{FAE04EC0-301F-11D3-BF4B-00C04F79EFBC}") = "Dnn.LinqToSqlModelAdapter", "Dnn.LinqToSqlModelAdapter.csproj", "{DBB44D4D-897E-4CE7-A41F-62E05E6C55E2}"
EndProject
Project("{FAE04EC0-301F-11D3-BF4B-00C04F79EFBC}") = "Dnn.LinqToSqlModuleSample", "Sample\Dnn.LinqToSqlModuleSample.csproj", "{84097DAA-63FF-45A2-B401-63647FEC9817}"
EndProject
Global
	GlobalSection(SolutionConfigurationPlatforms) = preSolution
		Debug|Any CPU = Debug|Any CPU
		Release|Any CPU = Release|Any CPU
	EndGlobalSection
	GlobalSection(ProjectConfigurationPlatforms) = postSolution
		{DBB44D4D-897E-4CE7-A41F-62E05E6C55E2}.Debug|Any CPU.ActiveCfg = Debug|Any CPU
		{DBB44D4D-897E-4CE7-A41F-62E05E6C55E2}.Debug|Any CPU.Build.0 = Debug|Any CPU
		{DBB44D4D-897E-4CE7-A41F-62E05E6C55E2}.Release|Any CPU.ActiveCfg = Release|Any CPU
		{DBB44D4D-897E-4CE7-A41F-62E05E6C55E2}.Release|Any CPU.Build.0 = Release|Any CPU
		{84097DAA-63FF-45A2-B401-63647FEC9817}.Debug|Any CPU.ActiveCfg = Debug|Any CPU
		{84097DAA-63FF-45A2-B401-63647FEC9817}.Debug|Any CPU.Build.0 = Debug|Any CPU
		{84097DAA-63FF-45A2-B401-63647FEC9817}.Release|Any CPU.ActiveCfg = Release|Any CPU
		{84097DAA-63FF-45A2-B401-63647FEC9817}.Release|Any CPU.Build.0 = Release|Any CPU
	EndGlobalSection
	GlobalSection(SolutionProperties) = preSolution
		HideSolutionNode = FALSE
	EndGlobalSection
	GlobalSection(ExtensibilityGlobals) = postSolution
		SolutionGuid = {B39C3C83-1904-49F4-A4CF-C6D6766F72D8}
	EndGlobalSection
EndGlobal
